
Microsoft Visual Studio Solution File, Format Version 12.00
# Visual Studio Version 17
VisualStudioVersion = 17.5.33502.453
MinimumVisualStudioVersion = 10.0.40219.1
Project("{FAE04EC0-301F-11D3-BF4B-00C04F79EFBC}") = "AnimacjeFigur", "AnimacjeFigur\AnimacjeFigur.csproj", "{CAE61292-8138-4977-A764-8D4A9BD30914}"
EndProject
Global
	GlobalSection(SolutionConfigurationPlatforms) = preSolution
		Debug|Any CPU = Debug|Any CPU
		Release|Any CPU = Release|Any CPU
	EndGlobalSection
	GlobalSection(ProjectConfigurationPlatforms) = postSolution
		{CAE61292-8138-4977-A764-8D4A9BD30914}.Debug|Any CPU.ActiveCfg = Debug|Any CPU
		{CAE61292-8138-4977-A764-8D4A9BD30914}.Debug|Any CPU.Build.0 = Debug|Any CPU
		{CAE61292-8138-4977-A764-8D4A9BD30914}.Release|Any CPU.ActiveCfg = Release|Any CPU
		{CAE61292-8138-4977-A764-8D4A9BD30914}.Release|Any CPU.Build.0 = Release|Any CPU
	EndGlobalSection
	GlobalSection(SolutionProperties) = preSolution
		HideSolutionNode = FALSE
	EndGlobalSection
	GlobalSection(ExtensibilityGlobals) = postSolution
		SolutionGuid = {B11FAFC6-AA12-4EE2-9556-BE1E4FE433AF}
	EndGlobalSection
EndGlobal
